// !$*UTF8*$!
{
	archiveVersion = 1;
	classes = {
	};
	objectVersion = 77;
	objects = {

/* Begin PBXBuildFile section */
		143FBA1D2D4080A5007113F5 /* Preview Assets.xcassets in Resources */ = {isa = PBXBuildFile; fileRef = 143FBA152D4080A5007113F5 /* Preview Assets.xcassets */; };
		143FBA1E2D4080A5007113F5 /* Assets.xcassets in Resources */ = {isa = PBXBuildFile; fileRef = 143FBA172D4080A5007113F5 /* Assets.xcassets */; };
		143FBA202D4080A5007113F5 /* Time_LeftApp.swift in Sources */ = {isa = PBXBuildFile; fileRef = 143FBA182D4080A5007113F5 /* Time_LeftApp.swift */; };
		143FBA242D4080C7007113F5 /* SettingsView.swift in Sources */ = {isa = PBXBuildFile; fileRef = 143FBA222D4080C7007113F5 /* SettingsView.swift */; };
		143FBA252D4080C7007113F5 /* HomeView.swift in Sources */ = {isa = PBXBuildFile; fileRef = 143FBA212D4080C7007113F5 /* HomeView.swift */; };
		143FBA282D408129007113F5 /* SettingsStore.swift in Sources */ = {isa = PBXBuildFile; fileRef = 143FBA262D408129007113F5 /* SettingsStore.swift */; };
		143FBA302D408853007113F5 /* WidgetKit.framework in Frameworks */ = {isa = PBXBuildFile; fileRef = 143FBA2F2D408853007113F5 /* WidgetKit.framework */; };
		143FBA322D408853007113F5 /* SwiftUI.framework in Frameworks */ = {isa = PBXBuildFile; fileRef = 143FBA312D408853007113F5 /* SwiftUI.framework */; };
		143FBA412D408855007113F5 /* TimeLeftWidgetExtension.appex in Embed Foundation Extensions */ = {isa = PBXBuildFile; fileRef = 143FBA2D2D408853007113F5 /* TimeLeftWidgetExtension.appex */; settings = {ATTRIBUTES = (RemoveHeadersOnCopy, ); }; };
		143FBA4F2D408959007113F5 /* WidgetStore.swift in Sources */ = {isa = PBXBuildFile; fileRef = 143FBA4D2D408959007113F5 /* WidgetStore.swift */; };
		143FBA502D408959007113F5 /* WidgetStore.swift in Sources */ = {isa = PBXBuildFile; fileRef = 143FBA4D2D408959007113F5 /* WidgetStore.swift */; };
		143FBA532D40AC44007113F5 /* JetBrainsMono-ExtraBold.ttf in Resources */ = {isa = PBXBuildFile; fileRef = 143FBA522D40AC44007113F5 /* JetBrainsMono-ExtraBold.ttf */; };
		143FBA542D40AC44007113F5 /* JetBrainsMono-ExtraBold.ttf in Resources */ = {isa = PBXBuildFile; fileRef = 143FBA522D40AC44007113F5 /* JetBrainsMono-ExtraBold.ttf */; };
		143FBA5F2D41765A007113F5 /* TimeLeftWidgetModels.swift in Sources */ = {isa = PBXBuildFile; fileRef = 143FBA5E2D41764B007113F5 /* TimeLeftWidgetModels.swift */; };
/* End PBXBuildFile section */

/* Begin PBXContainerItemProxy section */
		143FB9C92D402E6E007113F5 /* PBXContainerItemProxy */ = {
			isa = PBXContainerItemProxy;
			containerPortal = 143FB9B02D402E6C007113F5 /* Project object */;
			proxyType = 1;
			remoteGlobalIDString = 143FB9B72D402E6C007113F5;
			remoteInfo = "Time Left";
		};
		143FB9D32D402E6E007113F5 /* PBXContainerItemProxy */ = {
			isa = PBXContainerItemProxy;
			containerPortal = 143FB9B02D402E6C007113F5 /* Project object */;
			proxyType = 1;
			remoteGlobalIDString = 143FB9B72D402E6C007113F5;
			remoteInfo = "Time Left";
		};
		143FBA3F2D408855007113F5 /* PBXContainerItemProxy */ = {
			isa = PBXContainerItemProxy;
			containerPortal = 143FB9B02D402E6C007113F5 /* Project object */;
			proxyType = 1;
			remoteGlobalIDString = 143FBA2C2D408853007113F5;
			remoteInfo = TimeLeftWidgetExtension;
		};
/* End PBXContainerItemProxy section */

/* Begin PBXCopyFilesBuildPhase section */
		143FBA462D408855007113F5 /* Embed Foundation Extensions */ = {
			isa = PBXCopyFilesBuildPhase;
			buildActionMask = 2147483647;
			dstPath = "";
			dstSubfolderSpec = 13;
			files = (
				143FBA412D408855007113F5 /* TimeLeftWidgetExtension.appex in Embed Foundation Extensions */,
			);
			name = "Embed Foundation Extensions";
			runOnlyForDeploymentPostprocessing = 0;
		};
/* End PBXCopyFilesBuildPhase section */

/* Begin PBXFileReference section */
		143FB9B82D402E6C007113F5 /* Time Left.app */ = {isa = PBXFileReference; explicitFileType = wrapper.application; includeInIndex = 0; path = "Time Left.app"; sourceTree = BUILT_PRODUCTS_DIR; };
		143FB9C82D402E6E007113F5 /* Time LeftTests.xctest */ = {isa = PBXFileReference; explicitFileType = wrapper.cfbundle; includeInIndex = 0; path = "Time LeftTests.xctest"; sourceTree = BUILT_PRODUCTS_DIR; };
		143FB9D22D402E6E007113F5 /* Time LeftUITests.xctest */ = {isa = PBXFileReference; explicitFileType = wrapper.cfbundle; includeInIndex = 0; path = "Time LeftUITests.xctest"; sourceTree = BUILT_PRODUCTS_DIR; };
		143FBA152D4080A5007113F5 /* Preview Assets.xcassets */ = {isa = PBXFileReference; lastKnownFileType = folder.assetcatalog; path = "Preview Assets.xcassets"; sourceTree = "<group>"; };
		143FBA172D4080A5007113F5 /* Assets.xcassets */ = {isa = PBXFileReference; lastKnownFileType = folder.assetcatalog; path = Assets.xcassets; sourceTree = "<group>"; };
		143FBA182D4080A5007113F5 /* Time_LeftApp.swift */ = {isa = PBXFileReference; lastKnownFileType = sourcecode.swift; path = Time_LeftApp.swift; sourceTree = "<group>"; };
		143FBA1A2D4080A5007113F5 /* Time Left.xcodeproj */ = {isa = PBXFileReference; lastKnownFileType = "wrapper.pb-project"; path = "Time Left.xcodeproj"; sourceTree = "<group>"; };
		143FBA212D4080C7007113F5 /* HomeView.swift */ = {isa = PBXFileReference; lastKnownFileType = sourcecode.swift; path = HomeView.swift; sourceTree = "<group>"; };
		143FBA222D4080C7007113F5 /* SettingsView.swift */ = {isa = PBXFileReference; lastKnownFileType = sourcecode.swift; path = SettingsView.swift; sourceTree = "<group>"; };
		143FBA262D408129007113F5 /* SettingsStore.swift */ = {isa = PBXFileReference; lastKnownFileType = sourcecode.swift; path = SettingsStore.swift; sourceTree = "<group>"; };
		143FBA2D2D408853007113F5 /* TimeLeftWidgetExtension.appex */ = {isa = PBXFileReference; explicitFileType = "wrapper.app-extension"; includeInIndex = 0; path = TimeLeftWidgetExtension.appex; sourceTree = BUILT_PRODUCTS_DIR; };
		143FBA2F2D408853007113F5 /* WidgetKit.framework */ = {isa = PBXFileReference; lastKnownFileType = wrapper.framework; name = WidgetKit.framework; path = System/Library/Frameworks/WidgetKit.framework; sourceTree = SDKROOT; };
		143FBA312D408853007113F5 /* SwiftUI.framework */ = {isa = PBXFileReference; lastKnownFileType = wrapper.framework; name = SwiftUI.framework; path = System/Library/Frameworks/SwiftUI.framework; sourceTree = SDKROOT; };
		143FBA4D2D408959007113F5 /* WidgetStore.swift */ = {isa = PBXFileReference; lastKnownFileType = sourcecode.swift; path = WidgetStore.swift; sourceTree = "<group>"; };
		143FBA522D40AC44007113F5 /* JetBrainsMono-ExtraBold.ttf */ = {isa = PBXFileReference; lastKnownFileType = file; path = "JetBrainsMono-ExtraBold.ttf"; sourceTree = "<group>"; };
		143FBA5E2D41764B007113F5 /* TimeLeftWidgetModels.swift */ = {isa = PBXFileReference; lastKnownFileType = sourcecode.swift; path = TimeLeftWidgetModels.swift; sourceTree = "<group>"; };
		143FBA652D41BEB6007113F5 /* Time Left.entitlements */ = {isa = PBXFileReference; lastKnownFileType = text.plist.entitlements; path = "Time Left.entitlements"; sourceTree = "<group>"; };
		143FBA662D41C03C007113F5 /* TimeLeftWidgetExtension.entitlements */ = {isa = PBXFileReference; lastKnownFileType = text.plist.entitlements; path = TimeLeftWidgetExtension.entitlements; sourceTree = "<group>"; };
/* End PBXFileReference section */

/* Begin PBXFileSystemSynchronizedBuildFileExceptionSet section */
		143FBA422D408855007113F5 /* Exceptions for "TimeLeftWidget" folder in "TimeLeftWidgetExtension" target */ = {
			isa = PBXFileSystemSynchronizedBuildFileExceptionSet;
			membershipExceptions = (
				Info.plist,
			);
			target = 143FBA2C2D408853007113F5 /* TimeLeftWidgetExtension */;
		};
/* End PBXFileSystemSynchronizedBuildFileExceptionSet section */

/* Begin PBXFileSystemSynchronizedRootGroup section */
		143FB9CB2D402E6E007113F5 /* Time LeftTests */ = {
			isa = PBXFileSystemSynchronizedRootGroup;
			path = "Time LeftTests";
			sourceTree = "<group>";
		};
		143FB9D52D402E6E007113F5 /* Time LeftUITests */ = {
			isa = PBXFileSystemSynchronizedRootGroup;
			path = "Time LeftUITests";
			sourceTree = "<group>";
		};
		143FBA332D408853007113F5 /* TimeLeftWidget */ = {
			isa = PBXFileSystemSynchronizedRootGroup;
			exceptions = (
				143FBA422D408855007113F5 /* Exceptions for "TimeLeftWidget" folder in "TimeLeftWidgetExtension" target */,
			);
			path = TimeLeftWidget;
			sourceTree = "<group>";
		};
/* End PBXFileSystemSynchronizedRootGroup section */

/* Begin PBXFrameworksBuildPhase section */
		143FB9B52D402E6C007113F5 /* Frameworks */ = {
			isa = PBXFrameworksBuildPhase;
			buildActionMask = 2147483647;
			files = (
			);
			runOnlyForDeploymentPostprocessing = 0;
		};
		143FB9C52D402E6E007113F5 /* Frameworks */ = {
			isa = PBXFrameworksBuildPhase;
			buildActionMask = 2147483647;
			files = (
			);
			runOnlyForDeploymentPostprocessing = 0;
		};
		143FB9CF2D402E6E007113F5 /* Frameworks */ = {
			isa = PBXFrameworksBuildPhase;
			buildActionMask = 2147483647;
			files = (
			);
			runOnlyForDeploymentPostprocessing = 0;
		};
		143FBA2A2D408853007113F5 /* Frameworks */ = {
			isa = PBXFrameworksBuildPhase;
			buildActionMask = 2147483647;
			files = (
				143FBA322D408853007113F5 /* SwiftUI.framework in Frameworks */,
				143FBA302D408853007113F5 /* WidgetKit.framework in Frameworks */,
			);
			runOnlyForDeploymentPostprocessing = 0;
		};
/* End PBXFrameworksBuildPhase section */

/* Begin PBXGroup section */
		143FB9AF2D402E6C007113F5 = {
			isa = PBXGroup;
			children = (
				143FBA662D41C03C007113F5 /* TimeLeftWidgetExtension.entitlements */,
				143FBA512D40AC11007113F5 /* Fonts */,
				143FBA4E2D408959007113F5 /* Shared */,
				143FBA272D408129007113F5 /* Models */,
				143FBA232D4080C7007113F5 /* Views */,
				143FBA192D4080A5007113F5 /* Time Left */,
				143FBA1A2D4080A5007113F5 /* Time Left.xcodeproj */,
				143FB9CB2D402E6E007113F5 /* Time LeftTests */,
				143FB9D52D402E6E007113F5 /* Time LeftUITests */,
				143FBA332D408853007113F5 /* TimeLeftWidget */,
				143FBA2E2D408853007113F5 /* Frameworks */,
				143FB9B92D402E6C007113F5 /* Products */,
			);
			sourceTree = "<group>";
		};
		143FB9B92D402E6C007113F5 /* Products */ = {
			isa = PBXGroup;
			children = (
				143FB9B82D402E6C007113F5 /* Time Left.app */,
				143FB9C82D402E6E007113F5 /* Time LeftTests.xctest */,
				143FB9D22D402E6E007113F5 /* Time LeftUITests.xctest */,
				143FBA2D2D408853007113F5 /* TimeLeftWidgetExtension.appex */,
			);
			name = Products;
			sourceTree = "<group>";
		};
		143FBA162D4080A5007113F5 /* Preview Content */ = {
			isa = PBXGroup;
			children = (
				143FBA152D4080A5007113F5 /* Preview Assets.xcassets */,
			);
			path = "Preview Content";
			sourceTree = "<group>";
		};
		143FBA192D4080A5007113F5 /* Time Left */ = {
			isa = PBXGroup;
			children = (
				143FBA652D41BEB6007113F5 /* Time Left.entitlements */,
				143FBA162D4080A5007113F5 /* Preview Content */,
				143FBA172D4080A5007113F5 /* Assets.xcassets */,
				143FBA182D4080A5007113F5 /* Time_LeftApp.swift */,
			);
			path = "Time Left";
			sourceTree = "<group>";
		};
		143FBA1B2D4080A5007113F5 /* Products */ = {
			isa = PBXGroup;
			name = Products;
			sourceTree = "<group>";
		};
		143FBA232D4080C7007113F5 /* Views */ = {
			isa = PBXGroup;
			children = (
				143FBA212D4080C7007113F5 /* HomeView.swift */,
				143FBA222D4080C7007113F5 /* SettingsView.swift */,
			);
			path = Views;
			sourceTree = "<group>";
		};
		143FBA272D408129007113F5 /* Models */ = {
			isa = PBXGroup;
			children = (
				143FBA5E2D41764B007113F5 /* TimeLeftWidgetModels.swift */,
				143FBA262D408129007113F5 /* SettingsStore.swift */,
			);
			path = Models;
			sourceTree = "<group>";
		};
		143FBA2E2D408853007113F5 /* Frameworks */ = {
			isa = PBXGroup;
			children = (
				143FBA2F2D408853007113F5 /* WidgetKit.framework */,
				143FBA312D408853007113F5 /* SwiftUI.framework */,
			);
			name = Frameworks;
			sourceTree = "<group>";
		};
		143FBA4E2D408959007113F5 /* Shared */ = {
			isa = PBXGroup;
			children = (
				143FBA4D2D408959007113F5 /* WidgetStore.swift */,
			);
			path = Shared;
			sourceTree = "<group>";
		};
		143FBA512D40AC11007113F5 /* Fonts */ = {
			isa = PBXGroup;
			children = (
				143FBA522D40AC44007113F5 /* JetBrainsMono-ExtraBold.ttf */,
			);
			path = Fonts;
			sourceTree = "<group>";
		};
/* End PBXGroup section */

/* Begin PBXNativeTarget section */
		143FB9B72D402E6C007113F5 /* Time Left */ = {
			isa = PBXNativeTarget;
			buildConfigurationList = 143FB9DC2D402E6E007113F5 /* Build configuration list for PBXNativeTarget "Time Left" */;
			buildPhases = (
				143FB9B42D402E6C007113F5 /* Sources */,
				143FB9B52D402E6C007113F5 /* Frameworks */,
				143FB9B62D402E6C007113F5 /* Resources */,
				143FBA462D408855007113F5 /* Embed Foundation Extensions */,
			);
			buildRules = (
			);
			dependencies = (
				143FBA402D408855007113F5 /* PBXTargetDependency */,
			);
			name = "Time Left";
			packageProductDependencies = (
			);
			productName = "Time Left";
			productReference = 143FB9B82D402E6C007113F5 /* Time Left.app */;
			productType = "com.apple.product-type.application";
		};
		143FB9C72D402E6E007113F5 /* Time LeftTests */ = {
			isa = PBXNativeTarget;
			buildConfigurationList = 143FB9DF2D402E6E007113F5 /* Build configuration list for PBXNativeTarget "Time LeftTests" */;
			buildPhases = (
				143FB9C42D402E6E007113F5 /* Sources */,
				143FB9C52D402E6E007113F5 /* Frameworks */,
				143FB9C62D402E6E007113F5 /* Resources */,
			);
			buildRules = (
			);
			dependencies = (
				143FB9CA2D402E6E007113F5 /* PBXTargetDependency */,
			);
			fileSystemSynchronizedGroups = (
				143FB9CB2D402E6E007113F5 /* Time LeftTests */,
			);
			name = "Time LeftTests";
			packageProductDependencies = (
			);
			productName = "Time LeftTests";
			productReference = 143FB9C82D402E6E007113F5 /* Time LeftTests.xctest */;
			productType = "com.apple.product-type.bundle.unit-test";
		};
		143FB9D12D402E6E007113F5 /* Time LeftUITests */ = {
			isa = PBXNativeTarget;
			buildConfigurationList = 143FB9E22D402E6E007113F5 /* Build configuration list for PBXNativeTarget "Time LeftUITests" */;
			buildPhases = (
				143FB9CE2D402E6E007113F5 /* Sources */,
				143FB9CF2D402E6E007113F5 /* Frameworks */,
				143FB9D02D402E6E007113F5 /* Resources */,
			);
			buildRules = (
			);
			dependencies = (
				143FB9D42D402E6E007113F5 /* PBXTargetDependency */,
			);
			fileSystemSynchronizedGroups = (
				143FB9D52D402E6E007113F5 /* Time LeftUITests */,
			);
			name = "Time LeftUITests";
			packageProductDependencies = (
			);
			productName = "Time LeftUITests";
			productReference = 143FB9D22D402E6E007113F5 /* Time LeftUITests.xctest */;
			productType = "com.apple.product-type.bundle.ui-testing";
		};
		143FBA2C2D408853007113F5 /* TimeLeftWidgetExtension */ = {
			isa = PBXNativeTarget;
			buildConfigurationList = 143FBA432D408855007113F5 /* Build configuration list for PBXNativeTarget "TimeLeftWidgetExtension" */;
			buildPhases = (
				143FBA292D408853007113F5 /* Sources */,
				143FBA2A2D408853007113F5 /* Frameworks */,
				143FBA2B2D408853007113F5 /* Resources */,
			);
			buildRules = (
			);
			dependencies = (
			);
			fileSystemSynchronizedGroups = (
				143FBA332D408853007113F5 /* TimeLeftWidget */,
			);
			name = TimeLeftWidgetExtension;
			packageProductDependencies = (
			);
			productName = TimeLeftWidgetExtension;
			productReference = 143FBA2D2D408853007113F5 /* TimeLeftWidgetExtension.appex */;
			productType = "com.apple.product-type.app-extension";
		};
/* End PBXNativeTarget section */

/* Begin PBXProject section */
		143FB9B02D402E6C007113F5 /* Project object */ = {
			isa = PBXProject;
			attributes = {
				BuildIndependentTargetsInParallel = 1;
				LastSwiftUpdateCheck = 1620;
				LastUpgradeCheck = 1620;
				TargetAttributes = {
					143FB9B72D402E6C007113F5 = {
						CreatedOnToolsVersion = 16.2;
					};
					143FB9C72D402E6E007113F5 = {
						CreatedOnToolsVersion = 16.2;
						TestTargetID = 143FB9B72D402E6C007113F5;
					};
					143FB9D12D402E6E007113F5 = {
						CreatedOnToolsVersion = 16.2;
						TestTargetID = 143FB9B72D402E6C007113F5;
					};
					143FBA2C2D408853007113F5 = {
						CreatedOnToolsVersion = 16.2;
					};
				};
			};
			buildConfigurationList = 143FB9B32D402E6C007113F5 /* Build configuration list for PBXProject "Time Left" */;
			developmentRegion = en;
			hasScannedForEncodings = 0;
			knownRegions = (
				en,
				Base,
			);
			mainGroup = 143FB9AF2D402E6C007113F5;
			minimizedProjectReferenceProxies = 1;
			preferredProjectObjectVersion = 77;
			productRefGroup = 143FB9B92D402E6C007113F5 /* Products */;
			projectDirPath = "";
			projectReferences = (
				{
					ProductGroup = 143FBA1B2D4080A5007113F5 /* Products */;
					ProjectRef = 143FBA1A2D4080A5007113F5 /* Time Left.xcodeproj */;
				},
			);
			projectRoot = "";
			targets = (
				143FB9B72D402E6C007113F5 /* Time Left */,
				143FB9C72D402E6E007113F5 /* Time LeftTests */,
				143FB9D12D402E6E007113F5 /* Time LeftUITests */,
				143FBA2C2D408853007113F5 /* TimeLeftWidgetExtension */,
			);
		};
/* End PBXProject section */

/* Begin PBXResourcesBuildPhase section */
		143FB9B62D402E6C007113F5 /* Resources */ = {
			isa = PBXResourcesBuildPhase;
			buildActionMask = 2147483647;
			files = (
				143FBA542D40AC44007113F5 /* JetBrainsMono-ExtraBold.ttf in Resources */,
				143FBA1D2D4080A5007113F5 /* Preview Assets.xcassets in Resources */,
				143FBA1E2D4080A5007113F5 /* Assets.xcassets in Resources */,
			);
			runOnlyForDeploymentPostprocessing = 0;
		};
		143FB9C62D402E6E007113F5 /* Resources */ = {
			isa = PBXResourcesBuildPhase;
			buildActionMask = 2147483647;
			files = (
			);
			runOnlyForDeploymentPostprocessing = 0;
		};
		143FB9D02D402E6E007113F5 /* Resources */ = {
			isa = PBXResourcesBuildPhase;
			buildActionMask = 2147483647;
			files = (
			);
			runOnlyForDeploymentPostprocessing = 0;
		};
		143FBA2B2D408853007113F5 /* Resources */ = {
			isa = PBXResourcesBuildPhase;
			buildActionMask = 2147483647;
			files = (
				143FBA532D40AC44007113F5 /* JetBrainsMono-ExtraBold.ttf in Resources */,
			);
			runOnlyForDeploymentPostprocessing = 0;
		};
/* End PBXResourcesBuildPhase section */

/* Begin PBXSourcesBuildPhase section */
		143FB9B42D402E6C007113F5 /* Sources */ = {
			isa = PBXSourcesBuildPhase;
			buildActionMask = 2147483647;
			files = (
				143FBA282D408129007113F5 /* SettingsStore.swift in Sources */,
				143FBA202D4080A5007113F5 /* Time_LeftApp.swift in Sources */,
				143FBA242D4080C7007113F5 /* SettingsView.swift in Sources */,
				143FBA252D4080C7007113F5 /* HomeView.swift in Sources */,
				143FBA502D408959007113F5 /* WidgetStore.swift in Sources */,
				143FBA5F2D41765A007113F5 /* TimeLeftWidgetModels.swift in Sources */,
			);
			runOnlyForDeploymentPostprocessing = 0;
		};
		143FB9C42D402E6E007113F5 /* Sources */ = {
			isa = PBXSourcesBuildPhase;
			buildActionMask = 2147483647;
			files = (
			);
			runOnlyForDeploymentPostprocessing = 0;
		};
		143FB9CE2D402E6E007113F5 /* Sources */ = {
			isa = PBXSourcesBuildPhase;
			buildActionMask = 2147483647;
			files = (
			);
			runOnlyForDeploymentPostprocessing = 0;
		};
		143FBA292D408853007113F5 /* Sources */ = {
			isa = PBXSourcesBuildPhase;
			buildActionMask = 2147483647;
			files = (
				143FBA4F2D408959007113F5 /* WidgetStore.swift in Sources */,
			);
			runOnlyForDeploymentPostprocessing = 0;
		};
/* End PBXSourcesBuildPhase section */

/* Begin PBXTargetDependency section */
		143FB9CA2D402E6E007113F5 /* PBXTargetDependency */ = {
			isa = PBXTargetDependency;
			target = 143FB9B72D402E6C007113F5 /* Time Left */;
			targetProxy = 143FB9C92D402E6E007113F5 /* PBXContainerItemProxy */;
		};
		143FB9D42D402E6E007113F5 /* PBXTargetDependency */ = {
			isa = PBXTargetDependency;
			target = 143FB9B72D402E6C007113F5 /* Time Left */;
			targetProxy = 143FB9D32D402E6E007113F5 /* PBXContainerItemProxy */;
		};
		143FBA402D408855007113F5 /* PBXTargetDependency */ = {
			isa = PBXTargetDependency;
			target = 143FBA2C2D408853007113F5 /* TimeLeftWidgetExtension */;
			targetProxy = 143FBA3F2D408855007113F5 /* PBXContainerItemProxy */;
		};
/* End PBXTargetDependency section */

/* Begin XCBuildConfiguration section */
		143FB9DA2D402E6E007113F5 /* Debug */ = {
			isa = XCBuildConfiguration;
			buildSettings = {
				ALWAYS_SEARCH_USER_PATHS = NO;
				ASSETCATALOG_COMPILER_GENERATE_SWIFT_ASSET_SYMBOL_EXTENSIONS = YES;
				CLANG_ANALYZER_NONNULL = YES;
				CLANG_ANALYZER_NUMBER_OBJECT_CONVERSION = YES_AGGRESSIVE;
				CLANG_CXX_LANGUAGE_STANDARD = "gnu++20";
				CLANG_ENABLE_MODULES = YES;
				CLANG_ENABLE_OBJC_ARC = YES;
				CLANG_ENABLE_OBJC_WEAK = YES;
				CLANG_WARN_BLOCK_CAPTURE_AUTORELEASING = YES;
				CLANG_WARN_BOOL_CONVERSION = YES;
				CLANG_WARN_COMMA = YES;
				CLANG_WARN_CONSTANT_CONVERSION = YES;
				CLANG_WARN_DEPRECATED_OBJC_IMPLEMENTATIONS = YES;
				CLANG_WARN_DIRECT_OBJC_ISA_USAGE = YES_ERROR;
				CLANG_WARN_DOCUMENTATION_COMMENTS = YES;
				CLANG_WARN_EMPTY_BODY = YES;
				CLANG_WARN_ENUM_CONVERSION = YES;
				CLANG_WARN_INFINITE_RECURSION = YES;
				CLANG_WARN_INT_CONVERSION = YES;
				CLANG_WARN_NON_LITERAL_NULL_CONVERSION = YES;
				CLANG_WARN_OBJC_IMPLICIT_RETAIN_SELF = YES;
				CLANG_WARN_OBJC_LITERAL_CONVERSION = YES;
				CLANG_WARN_OBJC_ROOT_CLASS = YES_ERROR;
				CLANG_WARN_QUOTED_INCLUDE_IN_FRAMEWORK_HEADER = YES;
				CLANG_WARN_RANGE_LOOP_ANALYSIS = YES;
				CLANG_WARN_STRICT_PROTOTYPES = YES;
				CLANG_WARN_SUSPICIOUS_MOVE = YES;
				CLANG_WARN_UNGUARDED_AVAILABILITY = YES_AGGRESSIVE;
				CLANG_WARN_UNREACHABLE_CODE = YES;
				CLANG_WARN__DUPLICATE_METHOD_MATCH = YES;
				COPY_PHASE_STRIP = NO;
				DEBUG_INFORMATION_FORMAT = dwarf;
				ENABLE_STRICT_OBJC_MSGSEND = YES;
				ENABLE_TESTABILITY = YES;
				ENABLE_USER_SCRIPT_SANDBOXING = YES;
				GCC_C_LANGUAGE_STANDARD = gnu17;
				GCC_DYNAMIC_NO_PIC = NO;
				GCC_NO_COMMON_BLOCKS = YES;
				GCC_OPTIMIZATION_LEVEL = 0;
				GCC_PREPROCESSOR_DEFINITIONS = (
					"DEBUG=1",
					"$(inherited)",
				);
				GCC_WARN_64_TO_32_BIT_CONVERSION = YES;
				GCC_WARN_ABOUT_RETURN_TYPE = YES_ERROR;
				GCC_WARN_UNDECLARED_SELECTOR = YES;
				GCC_WARN_UNINITIALIZED_AUTOS = YES_AGGRESSIVE;
				GCC_WARN_UNUSED_FUNCTION = YES;
				GCC_WARN_UNUSED_VARIABLE = YES;
				IPHONEOS_DEPLOYMENT_TARGET = 18.2;
				LOCALIZATION_PREFERS_STRING_CATALOGS = YES;
				MTL_ENABLE_DEBUG_INFO = INCLUDE_SOURCE;
				MTL_FAST_MATH = YES;
				ONLY_ACTIVE_ARCH = YES;
				SDKROOT = iphoneos;
				SWIFT_ACTIVE_COMPILATION_CONDITIONS = "DEBUG $(inherited)";
				SWIFT_OPTIMIZATION_LEVEL = "-Onone";
			};
			name = Debug;
		};
		143FB9DB2D402E6E007113F5 /* Release */ = {
			isa = XCBuildConfiguration;
			buildSettings = {
				ALWAYS_SEARCH_USER_PATHS = NO;
				ASSETCATALOG_COMPILER_GENERATE_SWIFT_ASSET_SYMBOL_EXTENSIONS = YES;
				CLANG_ANALYZER_NONNULL = YES;
				CLANG_ANALYZER_NUMBER_OBJECT_CONVERSION = YES_AGGRESSIVE;
				CLANG_CXX_LANGUAGE_STANDARD = "gnu++20";
				CLANG_ENABLE_MODULES = YES;
				CLANG_ENABLE_OBJC_ARC = YES;
				CLANG_ENABLE_OBJC_WEAK = YES;
				CLANG_WARN_BLOCK_CAPTURE_AUTORELEASING = YES;
				CLANG_WARN_BOOL_CONVERSION = YES;
				CLANG_WARN_COMMA = YES;
				CLANG_WARN_CONSTANT_CONVERSION = YES;
				CLANG_WARN_DEPRECATED_OBJC_IMPLEMENTATIONS = YES;
				CLANG_WARN_DIRECT_OBJC_ISA_USAGE = YES_ERROR;
				CLANG_WARN_DOCUMENTATION_COMMENTS = YES;
				CLANG_WARN_EMPTY_BODY = YES;
				CLANG_WARN_ENUM_CONVERSION = YES;
				CLANG_WARN_INFINITE_RECURSION = YES;
				CLANG_WARN_INT_CONVERSION = YES;
				CLANG_WARN_NON_LITERAL_NULL_CONVERSION = YES;
				CLANG_WARN_OBJC_IMPLICIT_RETAIN_SELF = YES;
				CLANG_WARN_OBJC_LITERAL_CONVERSION = YES;
				CLANG_WARN_OBJC_ROOT_CLASS = YES_ERROR;
				CLANG_WARN_QUOTED_INCLUDE_IN_FRAMEWORK_HEADER = YES;
				CLANG_WARN_RANGE_LOOP_ANALYSIS = YES;
				CLANG_WARN_STRICT_PROTOTYPES = YES;
				CLANG_WARN_SUSPICIOUS_MOVE = YES;
				CLANG_WARN_UNGUARDED_AVAILABILITY = YES_AGGRESSIVE;
				CLANG_WARN_UNREACHABLE_CODE = YES;
				CLANG_WARN__DUPLICATE_METHOD_MATCH = YES;
				COPY_PHASE_STRIP = NO;
				DEBUG_INFORMATION_FORMAT = "dwarf-with-dsym";
				ENABLE_NS_ASSERTIONS = NO;
				ENABLE_STRICT_OBJC_MSGSEND = YES;
				ENABLE_USER_SCRIPT_SANDBOXING = YES;
				GCC_C_LANGUAGE_STANDARD = gnu17;
				GCC_NO_COMMON_BLOCKS = YES;
				GCC_WARN_64_TO_32_BIT_CONVERSION = YES;
				GCC_WARN_ABOUT_RETURN_TYPE = YES_ERROR;
				GCC_WARN_UNDECLARED_SELECTOR = YES;
				GCC_WARN_UNINITIALIZED_AUTOS = YES_AGGRESSIVE;
				GCC_WARN_UNUSED_FUNCTION = YES;
				GCC_WARN_UNUSED_VARIABLE = YES;
				IPHONEOS_DEPLOYMENT_TARGET = 18.2;
				LOCALIZATION_PREFERS_STRING_CATALOGS = YES;
				MTL_ENABLE_DEBUG_INFO = NO;
				MTL_FAST_MATH = YES;
				SDKROOT = iphoneos;
				SWIFT_COMPILATION_MODE = wholemodule;
				VALIDATE_PRODUCT = YES;
			};
			name = Release;
		};
		143FB9DD2D402E6E007113F5 /* Debug */ = {
			isa = XCBuildConfiguration;
			buildSettings = {
				ASSETCATALOG_COMPILER_APPICON_NAME = AppIcon;
				ASSETCATALOG_COMPILER_GLOBAL_ACCENT_COLOR_NAME = AccentColor;
				CODE_SIGN_ENTITLEMENTS = "Time Left/Time Left.entitlements";
				CODE_SIGN_STYLE = Automatic;
				CURRENT_PROJECT_VERSION = 1;
				DEVELOPMENT_ASSET_PATHS = "\"Time Left/Preview Content\"";
				DEVELOPMENT_TEAM = UD538RD4K6;
				ENABLE_PREVIEWS = YES;
				GENERATE_INFOPLIST_FILE = YES;
				INFOPLIST_KEY_UIApplicationSceneManifest_Generation = YES;
				INFOPLIST_KEY_UIApplicationSupportsIndirectInputEvents = YES;
				INFOPLIST_KEY_UILaunchScreen_Generation = YES;
				INFOPLIST_KEY_UISupportedInterfaceOrientations_iPad = "UIInterfaceOrientationPortrait UIInterfaceOrientationPortraitUpsideDown UIInterfaceOrientationLandscapeLeft UIInterfaceOrientationLandscapeRight";
				INFOPLIST_KEY_UISupportedInterfaceOrientations_iPhone = "UIInterfaceOrientationPortrait UIInterfaceOrientationLandscapeLeft UIInterfaceOrientationLandscapeRight";
				LD_RUNPATH_SEARCH_PATHS = (
					"$(inherited)",
					"@executable_path/Frameworks",
				);
				MARKETING_VERSION = 1.0;
				PRODUCT_BUNDLE_IDENTIFIER = "Tyler-Rathod.Time-Left";
				PRODUCT_NAME = "$(TARGET_NAME)";
				SWIFT_EMIT_LOC_STRINGS = YES;
				SWIFT_VERSION = 5.0;
				TARGETED_DEVICE_FAMILY = "1,2";
			};
			name = Debug;
		};
		143FB9DE2D402E6E007113F5 /* Release */ = {
			isa = XCBuildConfiguration;
			buildSettings = {
				ASSETCATALOG_COMPILER_APPICON_NAME = AppIcon;
				ASSETCATALOG_COMPILER_GLOBAL_ACCENT_COLOR_NAME = AccentColor;
				CODE_SIGN_ENTITLEMENTS = "Time Left/Time Left.entitlements";
				CODE_SIGN_STYLE = Automatic;
				CURRENT_PROJECT_VERSION = 1;
				DEVELOPMENT_ASSET_PATHS = "\"Time Left/Preview Content\"";
				DEVELOPMENT_TEAM = UD538RD4K6;
				ENABLE_PREVIEWS = YES;
				GENERATE_INFOPLIST_FILE = YES;
				INFOPLIST_KEY_UIApplicationSceneManifest_Generation = YES;
				INFOPLIST_KEY_UIApplicationSupportsIndirectInputEvents = YES;
				INFOPLIST_KEY_UILaunchScreen_Generation = YES;
				INFOPLIST_KEY_UISupportedInterfaceOrientations_iPad = "UIInterfaceOrientationPortrait UIInterfaceOrientationPortraitUpsideDown UIInterfaceOrientationLandscapeLeft UIInterfaceOrientationLandscapeRight";
				INFOPLIST_KEY_UISupportedInterfaceOrientations_iPhone = "UIInterfaceOrientationPortrait UIInterfaceOrientationLandscapeLeft UIInterfaceOrientationLandscapeRight";
				LD_RUNPATH_SEARCH_PATHS = (
					"$(inherited)",
					"@executable_path/Frameworks",
				);
				MARKETING_VERSION = 1.0;
				PRODUCT_BUNDLE_IDENTIFIER = "Tyler-Rathod.Time-Left";
				PRODUCT_NAME = "$(TARGET_NAME)";
				SWIFT_EMIT_LOC_STRINGS = YES;
				SWIFT_VERSION = 5.0;
				TARGETED_DEVICE_FAMILY = "1,2";
			};
			name = Release;
		};
		143FB9E02D402E6E007113F5 /* Debug */ = {
			isa = XCBuildConfiguration;
			buildSettings = {
				BUNDLE_LOADER = "$(TEST_HOST)";
				CODE_SIGN_STYLE = Automatic;
				CURRENT_PROJECT_VERSION = 1;
				GENERATE_INFOPLIST_FILE = YES;
				IPHONEOS_DEPLOYMENT_TARGET = 18.2;
				MARKETING_VERSION = 1.0;
				PRODUCT_BUNDLE_IDENTIFIER = "Tyler-Rathod.Time-LeftTests";
				PRODUCT_NAME = "$(TARGET_NAME)";
				SWIFT_EMIT_LOC_STRINGS = NO;
				SWIFT_VERSION = 5.0;
				TARGETED_DEVICE_FAMILY = "1,2";
				TEST_HOST = "$(BUILT_PRODUCTS_DIR)/Time Left.app/$(BUNDLE_EXECUTABLE_FOLDER_PATH)/Time Left";
			};
			name = Debug;
		};
		143FB9E12D402E6E007113F5 /* Release */ = {
			isa = XCBuildConfiguration;
			buildSettings = {
				BUNDLE_LOADER = "$(TEST_HOST)";
				CODE_SIGN_STYLE = Automatic;
				CURRENT_PROJECT_VERSION = 1;
				GENERATE_INFOPLIST_FILE = YES;
				IPHONEOS_DEPLOYMENT_TARGET = 18.2;
				MARKETING_VERSION = 1.0;
				PRODUCT_BUNDLE_IDENTIFIER = "Tyler-Rathod.Time-LeftTests";
				PRODUCT_NAME = "$(TARGET_NAME)";
				SWIFT_EMIT_LOC_STRINGS = NO;
				SWIFT_VERSION = 5.0;
				TARGETED_DEVICE_FAMILY = "1,2";
				TEST_HOST = "$(BUILT_PRODUCTS_DIR)/Time Left.app/$(BUNDLE_EXECUTABLE_FOLDER_PATH)/Time Left";
			};
			name = Release;
		};
		143FB9E32D402E6E007113F5 /* Debug */ = {
			isa = XCBuildConfiguration;
			buildSettings = {
				CODE_SIGN_STYLE = Automatic;
				CURRENT_PROJECT_VERSION = 1;
				GENERATE_INFOPLIST_FILE = YES;
				MARKETING_VERSION = 1.0;
				PRODUCT_BUNDLE_IDENTIFIER = "Tyler-Rathod.Time-LeftUITests";
				PRODUCT_NAME = "$(TARGET_NAME)";
				SWIFT_EMIT_LOC_STRINGS = NO;
				SWIFT_VERSION = 5.0;
				TARGETED_DEVICE_FAMILY = "1,2";
				TEST_TARGET_NAME = "Time Left";
			};
			name = Debug;
		};
		143FB9E42D402E6E007113F5 /* Release */ = {
			isa = XCBuildConfiguration;
			buildSettings = {
				CODE_SIGN_STYLE = Automatic;
				CURRENT_PROJECT_VERSION = 1;
				GENERATE_INFOPLIST_FILE = YES;
				MARKETING_VERSION = 1.0;
				PRODUCT_BUNDLE_IDENTIFIER = "Tyler-Rathod.Time-LeftUITests";
				PRODUCT_NAME = "$(TARGET_NAME)";
				SWIFT_EMIT_LOC_STRINGS = NO;
				SWIFT_VERSION = 5.0;
				TARGETED_DEVICE_FAMILY = "1,2";
				TEST_TARGET_NAME = "Time Left";
			};
			name = Release;
		};
		143FBA442D408855007113F5 /* Debug */ = {
			isa = XCBuildConfiguration;
			buildSettings = {
				ASSETCATALOG_COMPILER_GLOBAL_ACCENT_COLOR_NAME = AccentColor;
				ASSETCATALOG_COMPILER_WIDGET_BACKGROUND_COLOR_NAME = WidgetBackground;
				CODE_SIGN_ENTITLEMENTS = TimeLeftWidgetExtension.entitlements;
				CODE_SIGN_STYLE = Automatic;
				CURRENT_PROJECT_VERSION = 1;
				DEVELOPMENT_TEAM = UD538RD4K6;
				GENERATE_INFOPLIST_FILE = YES;
				INFOPLIST_FILE = TimeLeftWidget/Info.plist;
				INFOPLIST_KEY_CFBundleDisplayName = TimeLeftWidget;
				INFOPLIST_KEY_NSHumanReadableCopyright = "";
				LD_RUNPATH_SEARCH_PATHS = (
					"$(inherited)",
					"@executable_path/Frameworks",
					"@executable_path/../../Frameworks",
				);
				MARKETING_VERSION = 1.0;
				PRODUCT_BUNDLE_IDENTIFIER = "Tyler-Rathod.Time-Left.TimeLeftWidget";
				PRODUCT_NAME = "$(TARGET_NAME)";
				SKIP_INSTALL = YES;
				SWIFT_EMIT_LOC_STRINGS = YES;
				SWIFT_VERSION = 5.0;
				TARGETED_DEVICE_FAMILY = "1,2";
			};
			name = Debug;
		};
		143FBA452D408855007113F5 /* Release */ = {
			isa = XCBuildConfiguration;
			buildSettings = {
				ASSETCATALOG_COMPILER_GLOBAL_ACCENT_COLOR_NAME = AccentColor;
				ASSETCATALOG_COMPILER_WIDGET_BACKGROUND_COLOR_NAME = WidgetBackground;
				CODE_SIGN_ENTITLEMENTS = TimeLeftWidgetExtension.entitlements;
				CODE_SIGN_STYLE = Automatic;
				CURRENT_PROJECT_VERSION = 1;
				DEVELOPMENT_TEAM = UD538RD4K6;
				GENERATE_INFOPLIST_FILE = YES;
				INFOPLIST_FILE = TimeLeftWidget/Info.plist;
				INFOPLIST_KEY_CFBundleDisplayName = TimeLeftWidget;
				INFOPLIST_KEY_NSHumanReadableCopyright = "";
				LD_RUNPATH_SEARCH_PATHS = (
					"$(inherited)",
					"@executable_path/Frameworks",
					"@executable_path/../../Frameworks",
				);
				MARKETING_VERSION = 1.0;
				PRODUCT_BUNDLE_IDENTIFIER = "Tyler-Rathod.Time-Left.TimeLeftWidget";
				PRODUCT_NAME = "$(TARGET_NAME)";
				SKIP_INSTALL = YES;
				SWIFT_EMIT_LOC_STRINGS = YES;
				SWIFT_VERSION = 5.0;
				TARGETED_DEVICE_FAMILY = "1,2";
			};
			name = Release;
		};
/* End XCBuildConfiguration section */

/* Begin XCConfigurationList section */
		143FB9B32D402E6C007113F5 /* Build configuration list for PBXProject "Time Left" */ = {
			isa = XCConfigurationList;
			buildConfigurations = (
				143FB9DA2D402E6E007113F5 /* Debug */,
				143FB9DB2D402E6E007113F5 /* Release */,
			);
			defaultConfigurationIsVisible = 0;
			defaultConfigurationName = Release;
		};
		143FB9DC2D402E6E007113F5 /* Build configuration list for PBXNativeTarget "Time Left" */ = {
			isa = XCConfigurationList;
			buildConfigurations = (
				143FB9DD2D402E6E007113F5 /* Debug */,
				143FB9DE2D402E6E007113F5 /* Release */,
			);
			defaultConfigurationIsVisible = 0;
			defaultConfigurationName = Release;
		};
		143FB9DF2D402E6E007113F5 /* Build configuration list for PBXNativeTarget "Time LeftTests" */ = {
			isa = XCConfigurationList;
			buildConfigurations = (
				143FB9E02D402E6E007113F5 /* Debug */,
				143FB9E12D402E6E007113F5 /* Release */,
			);
			defaultConfigurationIsVisible = 0;
			defaultConfigurationName = Release;
		};
		143FB9E22D402E6E007113F5 /* Build configuration list for PBXNativeTarget "Time LeftUITests" */ = {
			isa = XCConfigurationList;
			buildConfigurations = (
				143FB9E32D402E6E007113F5 /* Debug */,
				143FB9E42D402E6E007113F5 /* Release */,
			);
			defaultConfigurationIsVisible = 0;
			defaultConfigurationName = Release;
		};
		143FBA432D408855007113F5 /* Build configuration list for PBXNativeTarget "TimeLeftWidgetExtension" */ = {
			isa = XCConfigurationList;
			buildConfigurations = (
				143FBA442D408855007113F5 /* Debug */,
				143FBA452D408855007113F5 /* Release */,
			);
			defaultConfigurationIsVisible = 0;
			defaultConfigurationName = Release;
		};
/* End XCConfigurationList section */
	};
	rootObject = 143FB9B02D402E6C007113F5 /* Project object */;
}
